<?xml version="1.0" encoding="utf-8"?>
<Project ToolsVersion="4.0" xmlns="http://schemas.microsoft.com/developer/msbuild/2003">
  <ItemGroup>
    <Filter Include="Source Files">
      <UniqueIdentifier>{4FC737F1-C7A5-4376-A066-2A32D752A2FF}</UniqueIdentifier>
      <Extensions>cpp;c;cc;cxx;c++;cppm;ixx;def;odl;idl;hpj;bat;asm;asmx</Extensions>
    </Filter>
    <Filter Include="Header Files">
      <UniqueIdentifier>{93995380-89BD-4b04-88EB-625FBE52EBFB}</UniqueIdentifier>
      <Extensions>h;hh;hpp;hxx;h++;hm;inl;inc;ipp;xsd</Extensions>
    </Filter>
    <Filter Include="Resource Files">
      <UniqueIdentifier>{67DA6AB6-F800-4c08-8B7A-83BB121AAD01}</UniqueIdentifier>
      <Extensions>rc;ico;cur;bmp;dlg;rc2;rct;bin;rgs;gif;jpg;jpeg;jpe;resx;tiff;tif;png;wav;mfcribbon-ms</Extensions>
    </Filter>
    <Filter Include="Resource Files\Shaders">
      <UniqueIdentifier>{cb898c73-a0c0-4476-a3ed-524522124d33}</UniqueIdentifier>
    </Filter>
    <Filter Include="Resource Files\Textures">
      <UniqueIdentifier>{09d6ee10-88e4-497d-a6f1-cfb4918e6feb}</UniqueIdentifier>
    </Filter>
    <Filter Include="Header Files\Math">
      <UniqueIdentifier>{0e7fcc05-1625-4b69-a432-aba397556641}</UniqueIdentifier>
    </Filter>
    <Filter Include="Header Files\Core">
      <UniqueIdentifier>{89fa75bb-dd0c-4b20-8325-029ea9199b0a}</UniqueIdentifier>
    </Filter>
    <Filter Include="Header Files\Graphics">
      <UniqueIdentifier>{2838e4e7-20e0-4948-9764-cc1ece1308a2}</UniqueIdentifier>
    </Filter>
    <Filter Include="Header Files\Input">
      <UniqueIdentifier>{458d1f2e-38c1-4960-81fe-28bcebd5b12b}</UniqueIdentifier>
    </Filter>
    <Filter Include="Source Files\Graphics">
      <UniqueIdentifier>{cd20b07e-604f-48b2-8b96-334338e522f7}</UniqueIdentifier>
    </Filter>
    <Filter Include="Header Files\Core\Renderer">
      <UniqueIdentifier>{26d85c8b-a4e6-4c58-8c36-771855e9b2d8}</UniqueIdentifier>
    </Filter>
    <Filter Include="Header Files\Data">
      <UniqueIdentifier>{7379ccb6-9f84-48ed-a847-1b1b33764e92}</UniqueIdentifier>
    </Filter>
    <Filter Include="Source Files\Renderer">
      <UniqueIdentifier>{c14ec825-611e-42ce-b44d-27bab3710176}</UniqueIdentifier>
    </Filter>
    <Filter Include="Resource Files\Shaders\ObjectData">
      <UniqueIdentifier>{5409c96e-e0d6-4a45-be7a-0fb43a6da9a2}</UniqueIdentifier>
    </Filter>
    <Filter Include="Resource Files\Shaders\TextData">
      <UniqueIdentifier>{dacc4333-266e-4f93-854e-15610cf59f1a}</UniqueIdentifier>
    </Filter>
    <Filter Include="Header Files\Core\Manager">
      <UniqueIdentifier>{b6b25808-15ae-423b-9054-340e6505cf64}</UniqueIdentifier>
    </Filter>
    <Filter Include="Source Files\Manager">
      <UniqueIdentifier>{93c3247a-46a6-4006-8ae8-0f7beb3873d2}</UniqueIdentifier>
    </Filter>
    <Filter Include="Source Files\Input">
      <UniqueIdentifier>{9daca3c2-7d72-4396-84ab-c74e1d11e850}</UniqueIdentifier>
    </Filter>
    <Filter Include="Header Files\Physics">
      <UniqueIdentifier>{4aa6ee81-ac1e-413b-9962-c18426c42021}</UniqueIdentifier>
    </Filter>
    <Filter Include="Source Files\Draw">
      <UniqueIdentifier>{a1b7feb4-696b-49db-9597-5e9af8ab3aaa}</UniqueIdentifier>
    </Filter>
    <Filter Include="Source Files\Data">
      <UniqueIdentifier>{2afa0d14-1525-47e1-942e-9607b6d37662}</UniqueIdentifier>
    </Filter>
    <Filter Include="Source Files\Physics">
      <UniqueIdentifier>{e19ba791-c45b-41d5-8816-bc0085f0d18f}</UniqueIdentifier>
    </Filter>
  </ItemGroup>
  <ItemGroup>
    <ClCompile Include="glad.c">
      <Filter>Source Files</Filter>
    </ClCompile>
    <ClCompile Include="Main.cpp">
      <Filter>Source Files</Filter>
    </ClCompile>
    <ClCompile Include="EBO.cpp">
      <Filter>Source Files\Graphics</Filter>
    </ClCompile>
    <ClCompile Include="VAO.cpp">
      <Filter>Source Files\Graphics</Filter>
    </ClCompile>
    <ClCompile Include="VBO.cpp">
      <Filter>Source Files\Graphics</Filter>
    </ClCompile>
    <ClCompile Include="shaderClass.cpp">
      <Filter>Source Files\Graphics</Filter>
    </ClCompile>
    <ClCompile Include="Ui.h">
      <Filter>Header Files\Data</Filter>
    </ClCompile>
    <ClCompile Include="ObjectRenderer.cpp">
      <Filter>Source Files\Renderer</Filter>
    </ClCompile>
    <ClCompile Include="TextRenderer.cpp">
      <Filter>Source Files\Renderer</Filter>
    </ClCompile>
    <ClCompile Include="Renderer.cpp">
      <Filter>Source Files\Renderer</Filter>
    </ClCompile>
    <ClCompile Include="FontRenderer.cpp">
      <Filter>Source Files\Renderer</Filter>
    </ClCompile>
    <ClCompile Include="UiBuilder.cpp">
      <Filter>Source Files\Manager</Filter>
    </ClCompile>
    <ClCompile Include="ObjectManager.cpp">
      <Filter>Source Files\Manager</Filter>
    </ClCompile>
    <ClCompile Include="MouseCollision.cpp">
      <Filter>Source Files\Input</Filter>
    </ClCompile>
    <ClCompile Include="Gizmo.cpp">
      <Filter>Source Files\Manager</Filter>
    </ClCompile>
    <ClCompile Include="Scene.cpp">
      <Filter>Source Files\Manager</Filter>
    </ClCompile>
    <ClCompile Include="Object.cpp">
      <Filter>Source Files\Renderer</Filter>
    </ClCompile>
    <ClCompile Include="InstaDraw.cpp">
      <Filter>Source Files\Draw</Filter>
    </ClCompile>
    <ClCompile Include="RendererDraw.cpp">
      <Filter>Source Files\Draw</Filter>
    </ClCompile>
    <ClCompile Include="ObjectData.cpp">
      <Filter>Source Files\Data</Filter>
    </ClCompile>
    <ClCompile Include="Structs.cpp">
      <Filter>Source Files\Data</Filter>
    </ClCompile>
    <ClCompile Include="Transform.cpp">
      <Filter>Source Files\Data</Filter>
    </ClCompile>
    <ClCompile Include="PhysicsWorld.cpp">
      <Filter>Source Files\Physics</Filter>
    </ClCompile>
    <ClCompile Include="RigidBody.cpp">
      <Filter>Source Files\Physics</Filter>
    </ClCompile>
    <ClCompile Include="FontManager.cpp">
      <Filter>Source Files\Manager</Filter>
    </ClCompile>
  </ItemGroup>
  <ItemGroup>
    <ClInclude Include="EBO.h">
      <Filter>Header Files\Graphics</Filter>
    </ClInclude>
    <ClInclude Include="VAO.h">
      <Filter>Header Files\Graphics</Filter>
    </ClInclude>
    <ClInclude Include="VBO.h">
      <Filter>Header Files\Graphics</Filter>
    </ClInclude>
    <ClInclude Include="shaderClass.h">
      <Filter>Header Files\Graphics</Filter>
    </ClInclude>
    <ClInclude Include="ObjectRenderer.h">
      <Filter>Header Files\Core\Renderer</Filter>
    </ClInclude>
    <ClInclude Include="TextRenderer.h">
      <Filter>Header Files\Core\Renderer</Filter>
    </ClInclude>
    <ClInclude Include="Transform.h">
      <Filter>Header Files\Math</Filter>
    </ClInclude>
    <ClInclude Include="Object.h">
      <Filter>Header Files\Data</Filter>
    </ClInclude>
    <ClInclude Include="Text.h">
      <Filter>Header Files\Data</Filter>
    </ClInclude>
    <ClInclude Include="ShapeInstance.h">
      <Filter>Header Files\Data</Filter>
    </ClInclude>
    <ClInclude Include="Renderer.h">
      <Filter>Header Files\Core\Renderer</Filter>
    </ClInclude>
    <ClInclude Include="ObjectManager.h">
      <Filter>Header Files\Core\Manager</Filter>
    </ClInclude>
    <ClInclude Include="Scene.h">
      <Filter>Header Files\Core\Manager</Filter>
    </ClInclude>
    <ClInclude Include="UiManager.h">
      <Filter>Header Files\Core\Manager</Filter>
    </ClInclude>
    <ClInclude Include="Gizmo.h">
      <Filter>Header Files\Core\Manager</Filter>
    </ClInclude>
    <ClInclude Include="ObjectData.h">
      <Filter>Header Files\Data</Filter>
    </ClInclude>
    <ClInclude Include="ObjectCast.h">
      <Filter>Header Files\Core</Filter>
    </ClInclude>
    <ClInclude Include="Structs.h">
      <Filter>Header Files\Math</Filter>
    </ClInclude>
    <ClInclude Include="Math.h">
      <Filter>Header Files\Math</Filter>
    </ClInclude>
    <ClInclude Include="RigidBody.h">
      <Filter>Header Files\Physics</Filter>
    </ClInclude>
    <ClInclude Include="PhysicsWorld.h">
      <Filter>Header Files\Physics</Filter>
    </ClInclude>
    <ClInclude Include="FontManager.h">
      <Filter>Header Files\Core\Renderer</Filter>
    </ClInclude>
    <ClInclude Include="Font.h">
      <Filter>Header Files\Data</Filter>
    </ClInclude>
    <ClInclude Include="Mouse.h">
      <Filter>Header Files\Data</Filter>
    </ClInclude>
    <ClInclude Include="PhysicalVector.h">
      <Filter>Header Files\Physics</Filter>
    </ClInclude>
  </ItemGroup>
  <ItemGroup>
    <Image Include="..\..\..\..\Downloads\car.png">
      <Filter>Resource Files\Textures</Filter>
    </Image>
  </ItemGroup>
  <ItemGroup>
    <None Include="default.frag">
      <Filter>Resource Files\Shaders\ObjectData</Filter>
    </None>
    <None Include="text.vert">
      <Filter>Resource Files\Shaders\TextData</Filter>
    </None>
    <None Include="text.frag">
      <Filter>Resource Files\Shaders\TextData</Filter>
    </None>
  </ItemGroup>
  <ItemGroup>
    <Text Include="default.vert">
      <Filter>Resource Files\Shaders\ObjectData</Filter>
    </Text>
  </ItemGroup>
</Project>